
Microsoft Visual Studio Solution File, Format Version 12.00
# Visual Studio 2013
VisualStudioVersion = 12.0.30501.0
MinimumVisualStudioVersion = 10.0.40219.1
Project("{2150E333-8FDC-42A3-9474-1A3956D46DE8}") = "Data", "Data", "{23E622E9-44E7-46C5-9ABA-FF81B1795509}"
EndProject
Project("{2150E333-8FDC-42A3-9474-1A3956D46DE8}") = "Business", "Business", "{ECE03FF5-EA06-42EB-9920-CDFC139E48E7}"
EndProject
Project("{2150E333-8FDC-42A3-9474-1A3956D46DE8}") = "UI", "UI", "{41A5F39E-3316-4647-9476-E1BAF4CF76AA}"
EndProject
Project("{FAE04EC0-301F-11D3-BF4B-00C04F79EFBC}") = "Neo.EasyAccounts.Models", "Neo.EasyAccounts.Models\Neo.EasyAccounts.Models.csproj", "{EC8D7986-62B0-48D9-AB8E-C78F8810F3AE}"
EndProject
Project("{FAE04EC0-301F-11D3-BF4B-00C04F79EFBC}") = "Neo.EasyAccounts.Data", "Neo.EasyAccounts.Data\Neo.EasyAccounts.Data.csproj", "{29F34F08-38E4-4B92-B4BA-521B7FB4CBE5}"
EndProject
Project("{FAE04EC0-301F-11D3-BF4B-00C04F79EFBC}") = "Neo.EasyAccounts.Service", "Neo.EasyAccounts.Business\Neo.EasyAccounts.Service.csproj", "{6CCC4470-2EAF-49AA-9EA7-8F5816975280}"
EndProject
Project("{FAE04EC0-301F-11D3-BF4B-00C04F79EFBC}") = "Neo.EasyAccounts.Web.UI", "Neo.EasyAccounts.Web.UI\Neo.EasyAccounts.Web.UI.csproj", "{E3377910-10F0-4D47-8954-DF074BA73E78}"
EndProject
Project("{FAE04EC0-301F-11D3-BF4B-00C04F79EFBC}") = "Neo.Auth", "ClassifiedAds.Auth\Neo.Auth.csproj", "{25FDDEAD-19F5-4DF0-9B19-5FF59BF2F947}"
EndProject
Project("{2150E333-8FDC-42A3-9474-1A3956D46DE8}") = "Auth", "Auth", "{4552B121-5294-415C-B581-4F93CA80C7DA}"
EndProject
Project("{2150E333-8FDC-42A3-9474-1A3956D46DE8}") = "Common", "Common", "{A755B51D-5B8D-4E45-90AA-B4C7DC81DDC9}"
EndProject
Project("{FAE04EC0-301F-11D3-BF4B-00C04F79EFBC}") = "Neo.Logging", "Neo.Logging\Neo.Logging.csproj", "{6696039F-81AC-41EA-B054-409B66D88045}"
EndProject
Project("{FAE04EC0-301F-11D3-BF4B-00C04F79EFBC}") = "Neo.Common", "Neo.Common\Neo.Common.csproj", "{AB1E14FB-1FB1-4C02-B9BD-D3A7BBCD1550}"
EndProject
Project("{2150E333-8FDC-42A3-9474-1A3956D46DE8}") = "Tests", "Tests", "{6BBF2345-66F2-4C98-B847-921F5C8C55D8}"
EndProject
Project("{FAE04EC0-301F-11D3-BF4B-00C04F79EFBC}") = "Neo.EasyAccounts.Testing", "Neo.EasyAccounts.Testing\Neo.EasyAccounts.Testing.csproj", "{6BE6B708-BCA2-4C17-97BA-F11404A9DAB6}"
EndProject
Project("{FAE04EC0-301F-11D3-BF4B-00C04F79EFBC}") = "Neo.EasyAccounts.Web.MvcPaging", "Neo.EasyAccounts.Web.MvcPaging\Neo.EasyAccounts.Web.MvcPaging.csproj", "{75A5E669-0D0E-4558-80CA-1E94BF5F8786}"
EndProject
Project("{FAE04EC0-301F-11D3-BF4B-00C04F79EFBC}") = "Neo.EasyAccounts.Web.SPA", "Neo.EasyAccounts.Web.SPA\Neo.EasyAccounts.Web.SPA.csproj", "{C791BB4A-4F4F-41D3-BD67-E279B5CB58DA}"
EndProject
Project("{FAE04EC0-301F-11D3-BF4B-00C04F79EFBC}") = "Neo.EasyAccounts.Web.API", "Neo.EasyAccounts.Web.API\Neo.EasyAccounts.Web.API.csproj", "{857B5487-6917-4882-8448-BB4BA94DEC7D}"
EndProject
Global
	GlobalSection(SolutionConfigurationPlatforms) = preSolution
		Debug|Any CPU = Debug|Any CPU
		Release|Any CPU = Release|Any CPU
	EndGlobalSection
	GlobalSection(ProjectConfigurationPlatforms) = postSolution
		{EC8D7986-62B0-48D9-AB8E-C78F8810F3AE}.Debug|Any CPU.ActiveCfg = Debug|Any CPU
		{EC8D7986-62B0-48D9-AB8E-C78F8810F3AE}.Debug|Any CPU.Build.0 = Debug|Any CPU
		{EC8D7986-62B0-48D9-AB8E-C78F8810F3AE}.Release|Any CPU.ActiveCfg = Release|Any CPU
		{EC8D7986-62B0-48D9-AB8E-C78F8810F3AE}.Release|Any CPU.Build.0 = Release|Any CPU
		{29F34F08-38E4-4B92-B4BA-521B7FB4CBE5}.Debug|Any CPU.ActiveCfg = Debug|Any CPU
		{29F34F08-38E4-4B92-B4BA-521B7FB4CBE5}.Debug|Any CPU.Build.0 = Debug|Any CPU
		{29F34F08-38E4-4B92-B4BA-521B7FB4CBE5}.Release|Any CPU.ActiveCfg = Release|Any CPU
		{29F34F08-38E4-4B92-B4BA-521B7FB4CBE5}.Release|Any CPU.Build.0 = Release|Any CPU
		{6CCC4470-2EAF-49AA-9EA7-8F5816975280}.Debug|Any CPU.ActiveCfg = Debug|Any CPU
		{6CCC4470-2EAF-49AA-9EA7-8F5816975280}.Debug|Any CPU.Build.0 = Debug|Any CPU
		{6CCC4470-2EAF-49AA-9EA7-8F5816975280}.Release|Any CPU.ActiveCfg = Release|Any CPU
		{6CCC4470-2EAF-49AA-9EA7-8F5816975280}.Release|Any CPU.Build.0 = Release|Any CPU
		{E3377910-10F0-4D47-8954-DF074BA73E78}.Debug|Any CPU.ActiveCfg = Debug|Any CPU
		{E3377910-10F0-4D47-8954-DF074BA73E78}.Debug|Any CPU.Build.0 = Debug|Any CPU
		{E3377910-10F0-4D47-8954-DF074BA73E78}.Release|Any CPU.ActiveCfg = Release|Any CPU
		{E3377910-10F0-4D47-8954-DF074BA73E78}.Release|Any CPU.Build.0 = Release|Any CPU
		{25FDDEAD-19F5-4DF0-9B19-5FF59BF2F947}.Debug|Any CPU.ActiveCfg = Debug|Any CPU
		{25FDDEAD-19F5-4DF0-9B19-5FF59BF2F947}.Debug|Any CPU.Build.0 = Debug|Any CPU
		{25FDDEAD-19F5-4DF0-9B19-5FF59BF2F947}.Release|Any CPU.ActiveCfg = Release|Any CPU
		{25FDDEAD-19F5-4DF0-9B19-5FF59BF2F947}.Release|Any CPU.Build.0 = Release|Any CPU
		{6696039F-81AC-41EA-B054-409B66D88045}.Debug|Any CPU.ActiveCfg = Debug|Any CPU
		{6696039F-81AC-41EA-B054-409B66D88045}.Debug|Any CPU.Build.0 = Debug|Any CPU
		{6696039F-81AC-41EA-B054-409B66D88045}.Release|Any CPU.ActiveCfg = Release|Any CPU
		{6696039F-81AC-41EA-B054-409B66D88045}.Release|Any CPU.Build.0 = Release|Any CPU
		{AB1E14FB-1FB1-4C02-B9BD-D3A7BBCD1550}.Debug|Any CPU.ActiveCfg = Debug|Any CPU
		{AB1E14FB-1FB1-4C02-B9BD-D3A7BBCD1550}.Debug|Any CPU.Build.0 = Debug|Any CPU
		{AB1E14FB-1FB1-4C02-B9BD-D3A7BBCD1550}.Release|Any CPU.ActiveCfg = Release|Any CPU
		{AB1E14FB-1FB1-4C02-B9BD-D3A7BBCD1550}.Release|Any CPU.Build.0 = Release|Any CPU
		{6BE6B708-BCA2-4C17-97BA-F11404A9DAB6}.Debug|Any CPU.ActiveCfg = Debug|Any CPU
		{6BE6B708-BCA2-4C17-97BA-F11404A9DAB6}.Debug|Any CPU.Build.0 = Debug|Any CPU
		{6BE6B708-BCA2-4C17-97BA-F11404A9DAB6}.Release|Any CPU.ActiveCfg = Release|Any CPU
		{6BE6B708-BCA2-4C17-97BA-F11404A9DAB6}.Release|Any CPU.Build.0 = Release|Any CPU
		{75A5E669-0D0E-4558-80CA-1E94BF5F8786}.Debug|Any CPU.ActiveCfg = Debug|Any CPU
		{75A5E669-0D0E-4558-80CA-1E94BF5F8786}.Debug|Any CPU.Build.0 = Debug|Any CPU
		{75A5E669-0D0E-4558-80CA-1E94BF5F8786}.Release|Any CPU.ActiveCfg = Release|Any CPU
		{75A5E669-0D0E-4558-80CA-1E94BF5F8786}.Release|Any CPU.Build.0 = Release|Any CPU
		{C791BB4A-4F4F-41D3-BD67-E279B5CB58DA}.Debug|Any CPU.ActiveCfg = Debug|Any CPU
		{C791BB4A-4F4F-41D3-BD67-E279B5CB58DA}.Debug|Any CPU.Build.0 = Debug|Any CPU
		{C791BB4A-4F4F-41D3-BD67-E279B5CB58DA}.Release|Any CPU.ActiveCfg = Release|Any CPU
		{C791BB4A-4F4F-41D3-BD67-E279B5CB58DA}.Release|Any CPU.Build.0 = Release|Any CPU
		{857B5487-6917-4882-8448-BB4BA94DEC7D}.Debug|Any CPU.ActiveCfg = Debug|Any CPU
		{857B5487-6917-4882-8448-BB4BA94DEC7D}.Debug|Any CPU.Build.0 = Debug|Any CPU
		{857B5487-6917-4882-8448-BB4BA94DEC7D}.Release|Any CPU.ActiveCfg = Release|Any CPU
		{857B5487-6917-4882-8448-BB4BA94DEC7D}.Release|Any CPU.Build.0 = Release|Any CPU
	EndGlobalSection
	GlobalSection(SolutionProperties) = preSolution
		HideSolutionNode = FALSE
	EndGlobalSection
	GlobalSection(NestedProjects) = preSolution
		{EC8D7986-62B0-48D9-AB8E-C78F8810F3AE} = {A755B51D-5B8D-4E45-90AA-B4C7DC81DDC9}
		{29F34F08-38E4-4B92-B4BA-521B7FB4CBE5} = {23E622E9-44E7-46C5-9ABA-FF81B1795509}
		{6CCC4470-2EAF-49AA-9EA7-8F5816975280} = {ECE03FF5-EA06-42EB-9920-CDFC139E48E7}
		{E3377910-10F0-4D47-8954-DF074BA73E78} = {41A5F39E-3316-4647-9476-E1BAF4CF76AA}
		{25FDDEAD-19F5-4DF0-9B19-5FF59BF2F947} = {4552B121-5294-415C-B581-4F93CA80C7DA}
		{6696039F-81AC-41EA-B054-409B66D88045} = {A755B51D-5B8D-4E45-90AA-B4C7DC81DDC9}
		{AB1E14FB-1FB1-4C02-B9BD-D3A7BBCD1550} = {A755B51D-5B8D-4E45-90AA-B4C7DC81DDC9}
		{6BE6B708-BCA2-4C17-97BA-F11404A9DAB6} = {6BBF2345-66F2-4C98-B847-921F5C8C55D8}
		{75A5E669-0D0E-4558-80CA-1E94BF5F8786} = {41A5F39E-3316-4647-9476-E1BAF4CF76AA}
		{C791BB4A-4F4F-41D3-BD67-E279B5CB58DA} = {41A5F39E-3316-4647-9476-E1BAF4CF76AA}
		{857B5487-6917-4882-8448-BB4BA94DEC7D} = {41A5F39E-3316-4647-9476-E1BAF4CF76AA}
	EndGlobalSection
EndGlobal
